
Microsoft Visual Studio Solution File, Format Version 12.00
# Visual Studio 15
VisualStudioVersion = 15.0.27130.2024
MinimumVisualStudioVersion = 10.0.40219.1
Project("{FAE04EC0-301F-11D3-BF4B-00C04F79EFBC}") = "WindowsFormsApp1", "WindowsFormsApp1\WindowsFormsApp1.csproj", "{8C710963-C8B7-40E3-ADF9-9076DF2E6505}"
EndProject
Global
	GlobalSection(SolutionConfigurationPlatforms) = preSolution
		Debug|Any CPU = Debug|Any CPU
		Release|Any CPU = Release|Any CPU
	EndGlobalSection
	GlobalSection(ProjectConfigurationPlatforms) = postSolution
		{8C710963-C8B7-40E3-ADF9-9076DF2E6505}.Debug|Any CPU.ActiveCfg = Debug|Any CPU
		{8C710963-C8B7-40E3-ADF9-9076DF2E6505}.Debug|Any CPU.Build.0 = Debug|Any CPU
		{8C710963-C8B7-40E3-ADF9-9076DF2E6505}.Release|Any CPU.ActiveCfg = Release|Any CPU
		{8C710963-C8B7-40E3-ADF9-9076DF2E6505}.Release|Any CPU.Build.0 = Release|Any CPU
	EndGlobalSection
	GlobalSection(SolutionProperties) = preSolution
		HideSolutionNode = FALSE
	EndGlobalSection
	GlobalSection(ExtensibilityGlobals) = postSolution
		SolutionGuid = {527655A7-292B-4C0C-A525-43C93FF201DE}
	EndGlobalSection
EndGlobal
